
Microsoft Visual Studio Solution File, Format Version 12.00
# Visual Studio Version 16
VisualStudioVersion = 16.0.30804.86
MinimumVisualStudioVersion = 10.0.40219.1
Project("{FAE04EC0-301F-11D3-BF4B-00C04F79EFBC}") = "NUnit_Lab", "NUnit_Lab\NUnit_Lab.csproj", "{19A67FFC-3FCF-4AB3-8AA1-D20AE369D110}"
EndProject
Global
	GlobalSection(SolutionConfigurationPlatforms) = preSolution
		Debug|Any CPU = Debug|Any CPU
		Release|Any CPU = Release|Any CPU
	EndGlobalSection
	GlobalSection(ProjectConfigurationPlatforms) = postSolution
		{19A67FFC-3FCF-4AB3-8AA1-D20AE369D110}.Debug|Any CPU.ActiveCfg = Debug|Any CPU
		{19A67FFC-3FCF-4AB3-8AA1-D20AE369D110}.Debug|Any CPU.Build.0 = Debug|Any CPU
		{19A67FFC-3FCF-4AB3-8AA1-D20AE369D110}.Release|Any CPU.ActiveCfg = Release|Any CPU
		{19A67FFC-3FCF-4AB3-8AA1-D20AE369D110}.Release|Any CPU.Build.0 = Release|Any CPU
	EndGlobalSection
	GlobalSection(SolutionProperties) = preSolution
		HideSolutionNode = FALSE
	EndGlobalSection
	GlobalSection(ExtensibilityGlobals) = postSolution
		SolutionGuid = {0DDB480E-0ABD-4E08-B4EE-3F7309030608}
	EndGlobalSection
EndGlobal
